
Microsoft Visual Studio Solution File, Format Version 12.00
# Visual Studio 14
VisualStudioVersion = 14.0.25420.1
MinimumVisualStudioVersion = 10.0.40219.1
Project("{8BC9CEB8-8B4A-11D0-8D11-00A0C91BC942}") = "H1E1", "H1E1\H1E1.vcxproj", "{20E88BF4-4352-428E-9FC0-C076B5990CF1}"
EndProject
Project("{8BC9CEB8-8B4A-11D0-8D11-00A0C91BC942}") = "H1E2", "H1E2\H1E2.vcxproj", "{03325FBC-5717-4F38-833A-7462B3CFE035}"
EndProject
Project("{8BC9CEB8-8B4A-11D0-8D11-00A0C91BC942}") = "H1E3", "H1E3\H1E3.vcxproj", "{4D0C4980-E016-4FE9-8E71-DBC3002AF373}"
EndProject
Project("{8BC9CEB8-8B4A-11D0-8D11-00A0C91BC942}") = "H1E4", "H1E4\H1E4.vcxproj", "{BA7B8846-C1D8-427A-ADDE-11E3822837D1}"
EndProject
Project("{8BC9CEB8-8B4A-11D0-8D11-00A0C91BC942}") = "H1E5", "H1E5\H1E5.vcxproj", "{2A0D9FE4-8F9E-4689-B124-167A6739BDB0}"
EndProject
Project("{8BC9CEB8-8B4A-11D0-8D11-00A0C91BC942}") = "H1E6", "H1E6\H1E6.vcxproj", "{3903E1B2-96AD-4C5E-9CDC-68FD1EC48693}"
EndProject
Project("{8BC9CEB8-8B4A-11D0-8D11-00A0C91BC942}") = "H1E9", "H1E9\H1E9.vcxproj", "{94179461-0933-4391-85EB-334AD44D440F}"
EndProject
Project("{8BC9CEB8-8B4A-11D0-8D11-00A0C91BC942}") = "H1E10", "H1E10\H1E10.vcxproj", "{FA4139E3-2CAB-437D-AB74-0BEFAA028007}"
EndProject
Project("{8BC9CEB8-8B4A-11D0-8D11-00A0C91BC942}") = "H1E13", "H1E13\H1E13.vcxproj", "{7B7EE5D8-62D7-46D9-8C65-64CABC5E0999}"
EndProject
Project("{8BC9CEB8-8B4A-11D0-8D11-00A0C91BC942}") = "H1E19", "H1E19\H1E19.vcxproj", "{0B206028-8268-434C-9E6B-51C2BD282DC8}"
EndProject
Project("{8BC9CEB8-8B4A-11D0-8D11-00A0C91BC942}") = "H1E20", "H1E20\H1E20.vcxproj", "{02BDF81C-EB2D-4D89-AA27-F89335553E8E}"
EndProject
Project("{8BC9CEB8-8B4A-11D0-8D11-00A0C91BC942}") = "H5E1", "H5E1\H5E1.vcxproj", "{F67E1866-F5B9-473D-A3F2-CADBB545D7C7}"
EndProject
Project("{8BC9CEB8-8B4A-11D0-8D11-00A0C91BC942}") = "Parcial1", "Parcial1\Parcial1.vcxproj", "{29775654-FF39-47AF-A26A-223230BF095C}"
EndProject
Project("{8BC9CEB8-8B4A-11D0-8D11-00A0C91BC942}") = "Parcial2", "Parcial2\Parcial2.vcxproj", "{0EDA913E-2FE4-4876-AD61-4FCAD3F6CE6C}"
EndProject
Project("{8BC9CEB8-8B4A-11D0-8D11-00A0C91BC942}") = "Parcial1Globales", "Parcial1Globales\Parcial1Globales.vcxproj", "{F7293DBE-5C87-4498-B996-0ACA174E5A6D}"
EndProject
Global
	GlobalSection(SolutionConfigurationPlatforms) = preSolution
		Debug|x64 = Debug|x64
		Debug|x86 = Debug|x86
		Release|x64 = Release|x64
		Release|x86 = Release|x86
	EndGlobalSection
	GlobalSection(ProjectConfigurationPlatforms) = postSolution
		{20E88BF4-4352-428E-9FC0-C076B5990CF1}.Debug|x64.ActiveCfg = Debug|x64
		{20E88BF4-4352-428E-9FC0-C076B5990CF1}.Debug|x64.Build.0 = Debug|x64
		{20E88BF4-4352-428E-9FC0-C076B5990CF1}.Debug|x86.ActiveCfg = Debug|Win32
		{20E88BF4-4352-428E-9FC0-C076B5990CF1}.Debug|x86.Build.0 = Debug|Win32
		{20E88BF4-4352-428E-9FC0-C076B5990CF1}.Release|x64.ActiveCfg = Release|x64
		{20E88BF4-4352-428E-9FC0-C076B5990CF1}.Release|x64.Build.0 = Release|x64
		{20E88BF4-4352-428E-9FC0-C076B5990CF1}.Release|x86.ActiveCfg = Release|Win32
		{20E88BF4-4352-428E-9FC0-C076B5990CF1}.Release|x86.Build.0 = Release|Win32
		{03325FBC-5717-4F38-833A-7462B3CFE035}.Debug|x64.ActiveCfg = Debug|x64
		{03325FBC-5717-4F38-833A-7462B3CFE035}.Debug|x64.Build.0 = Debug|x64
		{03325FBC-5717-4F38-833A-7462B3CFE035}.Debug|x86.ActiveCfg = Debug|Win32
		{03325FBC-5717-4F38-833A-7462B3CFE035}.Debug|x86.Build.0 = Debug|Win32
		{03325FBC-5717-4F38-833A-7462B3CFE035}.Release|x64.ActiveCfg = Release|x64
		{03325FBC-5717-4F38-833A-7462B3CFE035}.Release|x64.Build.0 = Release|x64
		{03325FBC-5717-4F38-833A-7462B3CFE035}.Release|x86.ActiveCfg = Release|Win32
		{03325FBC-5717-4F38-833A-7462B3CFE035}.Release|x86.Build.0 = Release|Win32
		{4D0C4980-E016-4FE9-8E71-DBC3002AF373}.Debug|x64.ActiveCfg = Debug|x64
		{4D0C4980-E016-4FE9-8E71-DBC3002AF373}.Debug|x64.Build.0 = Debug|x64
		{4D0C4980-E016-4FE9-8E71-DBC3002AF373}.Debug|x86.ActiveCfg = Debug|Win32
		{4D0C4980-E016-4FE9-8E71-DBC3002AF373}.Debug|x86.Build.0 = Debug|Win32
		{4D0C4980-E016-4FE9-8E71-DBC3002AF373}.Release|x64.ActiveCfg = Release|x64
		{4D0C4980-E016-4FE9-8E71-DBC3002AF373}.Release|x64.Build.0 = Release|x64
		{4D0C4980-E016-4FE9-8E71-DBC3002AF373}.Release|x86.ActiveCfg = Release|Win32
		{4D0C4980-E016-4FE9-8E71-DBC3002AF373}.Release|x86.Build.0 = Release|Win32
		{BA7B8846-C1D8-427A-ADDE-11E3822837D1}.Debug|x64.ActiveCfg = Debug|x64
		{BA7B8846-C1D8-427A-ADDE-11E3822837D1}.Debug|x64.Build.0 = Debug|x64
		{BA7B8846-C1D8-427A-ADDE-11E3822837D1}.Debug|x86.ActiveCfg = Debug|Win32
		{BA7B8846-C1D8-427A-ADDE-11E3822837D1}.Debug|x86.Build.0 = Debug|Win32
		{BA7B8846-C1D8-427A-ADDE-11E3822837D1}.Release|x64.ActiveCfg = Release|x64
		{BA7B8846-C1D8-427A-ADDE-11E3822837D1}.Release|x64.Build.0 = Release|x64
		{BA7B8846-C1D8-427A-ADDE-11E3822837D1}.Release|x86.ActiveCfg = Release|Win32
		{BA7B8846-C1D8-427A-ADDE-11E3822837D1}.Release|x86.Build.0 = Release|Win32
		{2A0D9FE4-8F9E-4689-B124-167A6739BDB0}.Debug|x64.ActiveCfg = Debug|x64
		{2A0D9FE4-8F9E-4689-B124-167A6739BDB0}.Debug|x64.Build.0 = Debug|x64
		{2A0D9FE4-8F9E-4689-B124-167A6739BDB0}.Debug|x86.ActiveCfg = Debug|Win32
		{2A0D9FE4-8F9E-4689-B124-167A6739BDB0}.Debug|x86.Build.0 = Debug|Win32
		{2A0D9FE4-8F9E-4689-B124-167A6739BDB0}.Release|x64.ActiveCfg = Release|x64
		{2A0D9FE4-8F9E-4689-B124-167A6739BDB0}.Release|x64.Build.0 = Release|x64
		{2A0D9FE4-8F9E-4689-B124-167A6739BDB0}.Release|x86.ActiveCfg = Release|Win32
		{2A0D9FE4-8F9E-4689-B124-167A6739BDB0}.Release|x86.Build.0 = Release|Win32
		{3903E1B2-96AD-4C5E-9CDC-68FD1EC48693}.Debug|x64.ActiveCfg = Debug|x64
		{3903E1B2-96AD-4C5E-9CDC-68FD1EC48693}.Debug|x64.Build.0 = Debug|x64
		{3903E1B2-96AD-4C5E-9CDC-68FD1EC48693}.Debug|x86.ActiveCfg = Debug|Win32
		{3903E1B2-96AD-4C5E-9CDC-68FD1EC48693}.Debug|x86.Build.0 = Debug|Win32
		{3903E1B2-96AD-4C5E-9CDC-68FD1EC48693}.Release|x64.ActiveCfg = Release|x64
		{3903E1B2-96AD-4C5E-9CDC-68FD1EC48693}.Release|x64.Build.0 = Release|x64
		{3903E1B2-96AD-4C5E-9CDC-68FD1EC48693}.Release|x86.ActiveCfg = Release|Win32
		{3903E1B2-96AD-4C5E-9CDC-68FD1EC48693}.Release|x86.Build.0 = Release|Win32
		{94179461-0933-4391-85EB-334AD44D440F}.Debug|x64.ActiveCfg = Debug|x64
		{94179461-0933-4391-85EB-334AD44D440F}.Debug|x64.Build.0 = Debug|x64
		{94179461-0933-4391-85EB-334AD44D440F}.Debug|x86.ActiveCfg = Debug|Win32
		{94179461-0933-4391-85EB-334AD44D440F}.Debug|x86.Build.0 = Debug|Win32
		{94179461-0933-4391-85EB-334AD44D440F}.Release|x64.ActiveCfg = Release|x64
		{94179461-0933-4391-85EB-334AD44D440F}.Release|x64.Build.0 = Release|x64
		{94179461-0933-4391-85EB-334AD44D440F}.Release|x86.ActiveCfg = Release|Win32
		{94179461-0933-4391-85EB-334AD44D440F}.Release|x86.Build.0 = Release|Win32
		{FA4139E3-2CAB-437D-AB74-0BEFAA028007}.Debug|x64.ActiveCfg = Debug|x64
		{FA4139E3-2CAB-437D-AB74-0BEFAA028007}.Debug|x64.Build.0 = Debug|x64
		{FA4139E3-2CAB-437D-AB74-0BEFAA028007}.Debug|x86.ActiveCfg = Debug|Win32
		{FA4139E3-2CAB-437D-AB74-0BEFAA028007}.Debug|x86.Build.0 = Debug|Win32
		{FA4139E3-2CAB-437D-AB74-0BEFAA028007}.Release|x64.ActiveCfg = Release|x64
		{FA4139E3-2CAB-437D-AB74-0BEFAA028007}.Release|x64.Build.0 = Release|x64
		{FA4139E3-2CAB-437D-AB74-0BEFAA028007}.Release|x86.ActiveCfg = Release|Win32
		{FA4139E3-2CAB-437D-AB74-0BEFAA028007}.Release|x86.Build.0 = Release|Win32
		{7B7EE5D8-62D7-46D9-8C65-64CABC5E0999}.Debug|x64.ActiveCfg = Debug|x64
		{7B7EE5D8-62D7-46D9-8C65-64CABC5E0999}.Debug|x64.Build.0 = Debug|x64
		{7B7EE5D8-62D7-46D9-8C65-64CABC5E0999}.Debug|x86.ActiveCfg = Debug|Win32
		{7B7EE5D8-62D7-46D9-8C65-64CABC5E0999}.Debug|x86.Build.0 = Debug|Win32
		{7B7EE5D8-62D7-46D9-8C65-64CABC5E0999}.Release|x64.ActiveCfg = Release|x64
		{7B7EE5D8-62D7-46D9-8C65-64CABC5E0999}.Release|x64.Build.0 = Release|x64
		{7B7EE5D8-62D7-46D9-8C65-64CABC5E0999}.Release|x86.ActiveCfg = Release|Win32
		{7B7EE5D8-62D7-46D9-8C65-64CABC5E0999}.Release|x86.Build.0 = Release|Win32
		{0B206028-8268-434C-9E6B-51C2BD282DC8}.Debug|x64.ActiveCfg = Debug|x64
		{0B206028-8268-434C-9E6B-51C2BD282DC8}.Debug|x64.Build.0 = Debug|x64
		{0B206028-8268-434C-9E6B-51C2BD282DC8}.Debug|x86.ActiveCfg = Debug|Win32
		{0B206028-8268-434C-9E6B-51C2BD282DC8}.Debug|x86.Build.0 = Debug|Win32
		{0B206028-8268-434C-9E6B-51C2BD282DC8}.Release|x64.ActiveCfg = Release|x64
		{0B206028-8268-434C-9E6B-51C2BD282DC8}.Release|x64.Build.0 = Release|x64
		{0B206028-8268-434C-9E6B-51C2BD282DC8}.Release|x86.ActiveCfg = Release|Win32
		{0B206028-8268-434C-9E6B-51C2BD282DC8}.Release|x86.Build.0 = Release|Win32
		{02BDF81C-EB2D-4D89-AA27-F89335553E8E}.Debug|x64.ActiveCfg = Debug|x64
		{02BDF81C-EB2D-4D89-AA27-F89335553E8E}.Debug|x64.Build.0 = Debug|x64
		{02BDF81C-EB2D-4D89-AA27-F89335553E8E}.Debug|x86.ActiveCfg = Debug|Win32
		{02BDF81C-EB2D-4D89-AA27-F89335553E8E}.Debug|x86.Build.0 = Debug|Win32
		{02BDF81C-EB2D-4D89-AA27-F89335553E8E}.Release|x64.ActiveCfg = Release|x64
		{02BDF81C-EB2D-4D89-AA27-F89335553E8E}.Release|x64.Build.0 = Release|x64
		{02BDF81C-EB2D-4D89-AA27-F89335553E8E}.Release|x86.ActiveCfg = Release|Win32
		{02BDF81C-EB2D-4D89-AA27-F89335553E8E}.Release|x86.Build.0 = Release|Win32
		{F67E1866-F5B9-473D-A3F2-CADBB545D7C7}.Debug|x64.ActiveCfg = Debug|x64
		{F67E1866-F5B9-473D-A3F2-CADBB545D7C7}.Debug|x64.Build.0 = Debug|x64
		{F67E1866-F5B9-473D-A3F2-CADBB545D7C7}.Debug|x86.ActiveCfg = Debug|Win32
		{F67E1866-F5B9-473D-A3F2-CADBB545D7C7}.Debug|x86.Build.0 = Debug|Win32
		{F67E1866-F5B9-473D-A3F2-CADBB545D7C7}.Release|x64.ActiveCfg = Release|x64
		{F67E1866-F5B9-473D-A3F2-CADBB545D7C7}.Release|x64.Build.0 = Release|x64
		{F67E1866-F5B9-473D-A3F2-CADBB545D7C7}.Release|x86.ActiveCfg = Release|Win32
		{F67E1866-F5B9-473D-A3F2-CADBB545D7C7}.Release|x86.Build.0 = Release|Win32
		{29775654-FF39-47AF-A26A-223230BF095C}.Debug|x64.ActiveCfg = Debug|x64
		{29775654-FF39-47AF-A26A-223230BF095C}.Debug|x64.Build.0 = Debug|x64
		{29775654-FF39-47AF-A26A-223230BF095C}.Debug|x86.ActiveCfg = Debug|Win32
		{29775654-FF39-47AF-A26A-223230BF095C}.Debug|x86.Build.0 = Debug|Win32
		{29775654-FF39-47AF-A26A-223230BF095C}.Release|x64.ActiveCfg = Release|x64
		{29775654-FF39-47AF-A26A-223230BF095C}.Release|x64.Build.0 = Release|x64
		{29775654-FF39-47AF-A26A-223230BF095C}.Release|x86.ActiveCfg = Release|Win32
		{29775654-FF39-47AF-A26A-223230BF095C}.Release|x86.Build.0 = Release|Win32
		{0EDA913E-2FE4-4876-AD61-4FCAD3F6CE6C}.Debug|x64.ActiveCfg = Debug|x64
		{0EDA913E-2FE4-4876-AD61-4FCAD3F6CE6C}.Debug|x64.Build.0 = Debug|x64
		{0EDA913E-2FE4-4876-AD61-4FCAD3F6CE6C}.Debug|x86.ActiveCfg = Debug|Win32
		{0EDA913E-2FE4-4876-AD61-4FCAD3F6CE6C}.Debug|x86.Build.0 = Debug|Win32
		{0EDA913E-2FE4-4876-AD61-4FCAD3F6CE6C}.Release|x64.ActiveCfg = Release|x64
		{0EDA913E-2FE4-4876-AD61-4FCAD3F6CE6C}.Release|x64.Build.0 = Release|x64
		{0EDA913E-2FE4-4876-AD61-4FCAD3F6CE6C}.Release|x86.ActiveCfg = Release|Win32
		{0EDA913E-2FE4-4876-AD61-4FCAD3F6CE6C}.Release|x86.Build.0 = Release|Win32
		{F7293DBE-5C87-4498-B996-0ACA174E5A6D}.Debug|x64.ActiveCfg = Debug|x64
		{F7293DBE-5C87-4498-B996-0ACA174E5A6D}.Debug|x64.Build.0 = Debug|x64
		{F7293DBE-5C87-4498-B996-0ACA174E5A6D}.Debug|x86.ActiveCfg = Debug|Win32
		{F7293DBE-5C87-4498-B996-0ACA174E5A6D}.Debug|x86.Build.0 = Debug|Win32
		{F7293DBE-5C87-4498-B996-0ACA174E5A6D}.Release|x64.ActiveCfg = Release|x64
		{F7293DBE-5C87-4498-B996-0ACA174E5A6D}.Release|x64.Build.0 = Release|x64
		{F7293DBE-5C87-4498-B996-0ACA174E5A6D}.Release|x86.ActiveCfg = Release|Win32
		{F7293DBE-5C87-4498-B996-0ACA174E5A6D}.Release|x86.Build.0 = Release|Win32
	EndGlobalSection
	GlobalSection(SolutionProperties) = preSolution
		HideSolutionNode = FALSE
	EndGlobalSection
EndGlobal
